// !$*UTF8*$!
{
	archiveVersion = 1;
	classes = {
	};
	objectVersion = 46;
	objects = {

/* Begin PBXBuildFile section */
		5F0447E11F4BF5B7000925C8 /* AppDelegate.swift in Sources */ = {isa = PBXBuildFile; fileRef = 5F0447E01F4BF5B7000925C8 /* AppDelegate.swift */; };
		5F0447E31F4BF5B7000925C8 /* ViewController.swift in Sources */ = {isa = PBXBuildFile; fileRef = 5F0447E21F4BF5B7000925C8 /* ViewController.swift */; };
		5F0447E61F4BF5B7000925C8 /* Main.storyboard in Resources */ = {isa = PBXBuildFile; fileRef = 5F0447E41F4BF5B7000925C8 /* Main.storyboard */; };
		5F0447E81F4BF5B7000925C8 /* Assets.xcassets in Resources */ = {isa = PBXBuildFile; fileRef = 5F0447E71F4BF5B7000925C8 /* Assets.xcassets */; };
		5F0447EB1F4BF5B7000925C8 /* LaunchScreen.storyboard in Resources */ = {isa = PBXBuildFile; fileRef = 5F0447E91F4BF5B7000925C8 /* LaunchScreen.storyboard */; };
		5F0447F61F4BF5B7000925C8 /* Foodie_MeTests.swift in Sources */ = {isa = PBXBuildFile; fileRef = 5F0447F51F4BF5B7000925C8 /* Foodie_MeTests.swift */; };
/* End PBXBuildFile section */

/* Begin PBXContainerItemProxy section */
		5F0447F21F4BF5B7000925C8 /* PBXContainerItemProxy */ = {
			isa = PBXContainerItemProxy;
			containerPortal = 5F0447D51F4BF5B7000925C8 /* Project object */;
			proxyType = 1;
			remoteGlobalIDString = 5F0447DC1F4BF5B7000925C8;
			remoteInfo = "Foodie Me";
		};
/* End PBXContainerItemProxy section */

/* Begin PBXFileReference section */
		5F0447DD1F4BF5B7000925C8 /* Foodie Me.app */ = {isa = PBXFileReference; explicitFileType = wrapper.application; includeInIndex = 0; path = "Foodie Me.app"; sourceTree = BUILT_PRODUCTS_DIR; };
		5F0447E01F4BF5B7000925C8 /* AppDelegate.swift */ = {isa = PBXFileReference; lastKnownFileType = sourcecode.swift; path = AppDelegate.swift; sourceTree = "<group>"; };
		5F0447E21F4BF5B7000925C8 /* ViewController.swift */ = {isa = PBXFileReference; lastKnownFileType = sourcecode.swift; path = ViewController.swift; sourceTree = "<group>"; };
		5F0447E51F4BF5B7000925C8 /* Base */ = {isa = PBXFileReference; lastKnownFileType = file.storyboard; name = Base; path = Base.lproj/Main.storyboard; sourceTree = "<group>"; };
		5F0447E71F4BF5B7000925C8 /* Assets.xcassets */ = {isa = PBXFileReference; lastKnownFileType = folder.assetcatalog; path = Assets.xcassets; sourceTree = "<group>"; };
		5F0447EA1F4BF5B7000925C8 /* Base */ = {isa = PBXFileReference; lastKnownFileType = file.storyboard; name = Base; path = Base.lproj/LaunchScreen.storyboard; sourceTree = "<group>"; };
		5F0447EC1F4BF5B7000925C8 /* Info.plist */ = {isa = PBXFileReference; lastKnownFileType = text.plist.xml; path = Info.plist; sourceTree = "<group>"; };
		5F0447F11F4BF5B7000925C8 /* Foodie MeTests.xctest */ = {isa = PBXFileReference; explicitFileType = wrapper.cfbundle; includeInIndex = 0; path = "Foodie MeTests.xctest"; sourceTree = BUILT_PRODUCTS_DIR; };
		5F0447F51F4BF5B7000925C8 /* Foodie_MeTests.swift */ = {isa = PBXFileReference; lastKnownFileType = sourcecode.swift; path = Foodie_MeTests.swift; sourceTree = "<group>"; };
		5F0447F71F4BF5B7000925C8 /* Info.plist */ = {isa = PBXFileReference; lastKnownFileType = text.plist.xml; path = Info.plist; sourceTree = "<group>"; };
/* End PBXFileReference section */

/* Begin PBXFrameworksBuildPhase section */
		5F0447DA1F4BF5B7000925C8 /* Frameworks */ = {
			isa = PBXFrameworksBuildPhase;
			buildActionMask = 2147483647;
			files = (
			);
			runOnlyForDeploymentPostprocessing = 0;
		};
		5F0447EE1F4BF5B7000925C8 /* Frameworks */ = {
			isa = PBXFrameworksBuildPhase;
			buildActionMask = 2147483647;
			files = (
			);
			runOnlyForDeploymentPostprocessing = 0;
		};
/* End PBXFrameworksBuildPhase section */

/* Begin PBXGroup section */
		5F0447D41F4BF5B7000925C8 = {
			isa = PBXGroup;
			children = (
				5F0447DF1F4BF5B7000925C8 /* Foodie Me */,
				5F0447F41F4BF5B7000925C8 /* Foodie MeTests */,
				5F0447DE1F4BF5B7000925C8 /* Products */,
			);
			sourceTree = "<group>";
		};
		5F0447DE1F4BF5B7000925C8 /* Products */ = {
			isa = PBXGroup;
			children = (
				5F0447DD1F4BF5B7000925C8 /* Foodie Me.app */,
				5F0447F11F4BF5B7000925C8 /* Foodie MeTests.xctest */,
			);
			name = Products;
			sourceTree = "<group>";
		};
		5F0447DF1F4BF5B7000925C8 /* Foodie Me */ = {
			isa = PBXGroup;
			children = (
				5F0447E01F4BF5B7000925C8 /* AppDelegate.swift */,
				5F0447E21F4BF5B7000925C8 /* ViewController.swift */,
				5F0447E41F4BF5B7000925C8 /* Main.storyboard */,
				5F0447E71F4BF5B7000925C8 /* Assets.xcassets */,
				5F0447E91F4BF5B7000925C8 /* LaunchScreen.storyboard */,
				5F0447EC1F4BF5B7000925C8 /* Info.plist */,
			);
			path = "Foodie Me";
			sourceTree = "<group>";
		};
		5F0447F41F4BF5B7000925C8 /* Foodie MeTests */ = {
			isa = PBXGroup;
			children = (
				5F0447F51F4BF5B7000925C8 /* Foodie_MeTests.swift */,
				5F0447F71F4BF5B7000925C8 /* Info.plist */,
			);
			path = "Foodie MeTests";
			sourceTree = "<group>";
		};
/* End PBXGroup section */

/* Begin PBXNativeTarget section */
		5F0447DC1F4BF5B7000925C8 /* Foodie Me */ = {
			isa = PBXNativeTarget;
			buildConfigurationList = 5F0447FA1F4BF5B7000925C8 /* Build configuration list for PBXNativeTarget "Foodie Me" */;
			buildPhases = (
				5F0447D91F4BF5B7000925C8 /* Sources */,
				5F0447DA1F4BF5B7000925C8 /* Frameworks */,
				5F0447DB1F4BF5B7000925C8 /* Resources */,
			);
			buildRules = (
			);
			dependencies = (
			);
			name = "Foodie Me";
			productName = "Foodie Me";
			productReference = 5F0447DD1F4BF5B7000925C8 /* Foodie Me.app */;
			productType = "com.apple.product-type.application";
		};
		5F0447F01F4BF5B7000925C8 /* Foodie MeTests */ = {
			isa = PBXNativeTarget;
			buildConfigurationList = 5F0447FD1F4BF5B7000925C8 /* Build configuration list for PBXNativeTarget "Foodie MeTests" */;
			buildPhases = (
				5F0447ED1F4BF5B7000925C8 /* Sources */,
				5F0447EE1F4BF5B7000925C8 /* Frameworks */,
				5F0447EF1F4BF5B7000925C8 /* Resources */,
			);
			buildRules = (
			);
			dependencies = (
				5F0447F31F4BF5B7000925C8 /* PBXTargetDependency */,
			);
			name = "Foodie MeTests";
			productName = "Foodie MeTests";
			productReference = 5F0447F11F4BF5B7000925C8 /* Foodie MeTests.xctest */;
			productType = "com.apple.product-type.bundle.unit-test";
		};
/* End PBXNativeTarget section */

/* Begin PBXProject section */
		5F0447D51F4BF5B7000925C8 /* Project object */ = {
			isa = PBXProject;
			attributes = {
				LastSwiftUpdateCheck = 0830;
				LastUpgradeCheck = 0830;
				ORGANIZATIONNAME = "Luo Rock";
				TargetAttributes = {
					5F0447DC1F4BF5B7000925C8 = {
						CreatedOnToolsVersion = 8.3.3;
						DevelopmentTeam = 7E72X3N4DZ;
						ProvisioningStyle = Automatic;
					};
					5F0447F01F4BF5B7000925C8 = {
						CreatedOnToolsVersion = 8.3.3;
						DevelopmentTeam = 7E72X3N4DZ;
						ProvisioningStyle = Automatic;
						TestTargetID = 5F0447DC1F4BF5B7000925C8;
					};
				};
			};
			buildConfigurationList = 5F0447D81F4BF5B7000925C8 /* Build configuration list for PBXProject "Foodie Me" */;
			compatibilityVersion = "Xcode 3.2";
			developmentRegion = English;
			hasScannedForEncodings = 0;
			knownRegions = (
				en,
				Base,
			);
			mainGroup = 5F0447D41F4BF5B7000925C8;
			productRefGroup = 5F0447DE1F4BF5B7000925C8 /* Products */;
			projectDirPath = "";
			projectRoot = "";
			targets = (
				5F0447DC1F4BF5B7000925C8 /* Foodie Me */,
				5F0447F01F4BF5B7000925C8 /* Foodie MeTests */,
			);
		};
/* End PBXProject section */

/* Begin PBXResourcesBuildPhase section */
		5F0447DB1F4BF5B7000925C8 /* Resources */ = {
			isa = PBXResourcesBuildPhase;
			buildActionMask = 2147483647;
			files = (
				5F0447EB1F4BF5B7000925C8 /* LaunchScreen.storyboard in Resources */,
				5F0447E81F4BF5B7000925C8 /* Assets.xcassets in Resources */,
				5F0447E61F4BF5B7000925C8 /* Main.storyboard in Resources */,
			);
			runOnlyForDeploymentPostprocessing = 0;
		};
		5F0447EF1F4BF5B7000925C8 /* Resources */ = {
			isa = PBXResourcesBuildPhase;
			buildActionMask = 2147483647;
			files = (
			);
			runOnlyForDeploymentPostprocessing = 0;
		};
/* End PBXResourcesBuildPhase section */

/* Begin PBXSourcesBuildPhase section */
		5F0447D91F4BF5B7000925C8 /* Sources */ = {
			isa = PBXSourcesBuildPhase;
			buildActionMask = 2147483647;
			files = (
				5F0447E31F4BF5B7000925C8 /* ViewController.swift in Sources */,
				5F0447E11F4BF5B7000925C8 /* AppDelegate.swift in Sources */,
			);
			runOnlyForDeploymentPostprocessing = 0;
		};
		5F0447ED1F4BF5B7000925C8 /* Sources */ = {
			isa = PBXSourcesBuildPhase;
			buildActionMask = 2147483647;
			files = (
				5F0447F61F4BF5B7000925C8 /* Foodie_MeTests.swift in Sources */,
			);
			runOnlyForDeploymentPostprocessing = 0;
		};
/* End PBXSourcesBuildPhase section */

/* Begin PBXTargetDependency section */
		5F0447F31F4BF5B7000925C8 /* PBXTargetDependency */ = {
			isa = PBXTargetDependency;
			target = 5F0447DC1F4BF5B7000925C8 /* Foodie Me */;
			targetProxy = 5F0447F21F4BF5B7000925C8 /* PBXContainerItemProxy */;
		};
/* End PBXTargetDependency section */

/* Begin PBXVariantGroup section */
		5F0447E41F4BF5B7000925C8 /* Main.storyboard */ = {
			isa = PBXVariantGroup;
			children = (
				5F0447E51F4BF5B7000925C8 /* Base */,
			);
			name = Main.storyboard;
			sourceTree = "<group>";
		};
		5F0447E91F4BF5B7000925C8 /* LaunchScreen.storyboard */ = {
			isa = PBXVariantGroup;
			children = (
				5F0447EA1F4BF5B7000925C8 /* Base */,
			);
			name = LaunchScreen.storyboard;
			sourceTree = "<group>";
		};
/* End PBXVariantGroup section */

/* Begin XCBuildConfiguration section */
		5F0447F81F4BF5B7000925C8 /* Debug */ = {
			isa = XCBuildConfiguration;
			buildSettings = {
				ALWAYS_SEARCH_USER_PATHS = NO;
				CLANG_ANALYZER_NONNULL = YES;
				CLANG_ANALYZER_NUMBER_OBJECT_CONVERSION = YES_AGGRESSIVE;
				CLANG_CXX_LANGUAGE_STANDARD = "gnu++0x";
				CLANG_CXX_LIBRARY = "libc++";
				CLANG_ENABLE_MODULES = YES;
				CLANG_ENABLE_OBJC_ARC = YES;
				CLANG_WARN_BOOL_CONVERSION = YES;
				CLANG_WARN_CONSTANT_CONVERSION = YES;
				CLANG_WARN_DIRECT_OBJC_ISA_USAGE = YES_ERROR;
				CLANG_WARN_DOCUMENTATION_COMMENTS = YES;
				CLANG_WARN_EMPTY_BODY = YES;
				CLANG_WARN_ENUM_CONVERSION = YES;
				CLANG_WARN_INFINITE_RECURSION = YES;
				CLANG_WARN_INT_CONVERSION = YES;
				CLANG_WARN_OBJC_ROOT_CLASS = YES_ERROR;
				CLANG_WARN_SUSPICIOUS_MOVE = YES;
				CLANG_WARN_UNREACHABLE_CODE = YES;
				CLANG_WARN__DUPLICATE_METHOD_MATCH = YES;
				"CODE_SIGN_IDENTITY[sdk=iphoneos*]" = "iPhone Developer";
				COPY_PHASE_STRIP = NO;
				DEBUG_INFORMATION_FORMAT = dwarf;
				ENABLE_STRICT_OBJC_MSGSEND = YES;
				ENABLE_TESTABILITY = YES;
				GCC_C_LANGUAGE_STANDARD = gnu99;
				GCC_DYNAMIC_NO_PIC = NO;
				GCC_NO_COMMON_BLOCKS = YES;
				GCC_OPTIMIZATION_LEVEL = 0;
				GCC_PREPROCESSOR_DEFINITIONS = (
					"DEBUG=1",
					"$(inherited)",
				);
				GCC_WARN_64_TO_32_BIT_CONVERSION = YES;
				GCC_WARN_ABOUT_RETURN_TYPE = YES_ERROR;
				GCC_WARN_UNDECLARED_SELECTOR = YES;
				GCC_WARN_UNINITIALIZED_AUTOS = YES_AGGRESSIVE;
				GCC_WARN_UNUSED_FUNCTION = YES;
				GCC_WARN_UNUSED_VARIABLE = YES;
				IPHONEOS_DEPLOYMENT_TARGET = 10.3;
				MTL_ENABLE_DEBUG_INFO = YES;
				ONLY_ACTIVE_ARCH = YES;
				SDKROOT = iphoneos;
				SWIFT_ACTIVE_COMPILATION_CONDITIONS = DEBUG;
				SWIFT_OPTIMIZATION_LEVEL = "-Onone";
				TARGETED_DEVICE_FAMILY = "1,2";
			};
			name = Debug;
		};
		5F0447F91F4BF5B7000925C8 /* Release */ = {
			isa = XCBuildConfiguration;
			buildSettings = {
				ALWAYS_SEARCH_USER_PATHS = NO;
				CLANG_ANALYZER_NONNULL = YES;
				CLANG_ANALYZER_NUMBER_OBJECT_CONVERSION = YES_AGGRESSIVE;
				CLANG_CXX_LANGUAGE_STANDARD = "gnu++0x";
				CLANG_CXX_LIBRARY = "libc++";
				CLANG_ENABLE_MODULES = YES;
				CLANG_ENABLE_OBJC_ARC = YES;
				CLANG_WARN_BOOL_CONVERSION = YES;
				CLANG_WARN_CONSTANT_CONVERSION = YES;
				CLANG_WARN_DIRECT_OBJC_ISA_USAGE = YES_ERROR;
				CLANG_WARN_DOCUMENTATION_COMMENTS = YES;
				CLANG_WARN_EMPTY_BODY = YES;
				CLANG_WARN_ENUM_CONVERSION = YES;
				CLANG_WARN_INFINITE_RECURSION = YES;
				CLANG_WARN_INT_CONVERSION = YES;
				CLANG_WARN_OBJC_ROOT_CLASS = YES_ERROR;
				CLANG_WARN_SUSPICIOUS_MOVE = YES;
				CLANG_WARN_UNREACHABLE_CODE = YES;
				CLANG_WARN__DUPLICATE_METHOD_MATCH = YES;
				"CODE_SIGN_IDENTITY[sdk=iphoneos*]" = "iPhone Developer";
				COPY_PHASE_STRIP = NO;
				DEBUG_INFORMATION_FORMAT = "dwarf-with-dsym";
				ENABLE_NS_ASSERTIONS = NO;
				ENABLE_STRICT_OBJC_MSGSEND = YES;
				GCC_C_LANGUAGE_STANDARD = gnu99;
				GCC_NO_COMMON_BLOCKS = YES;
				GCC_WARN_64_TO_32_BIT_CONVERSION = YES;
				GCC_WARN_ABOUT_RETURN_TYPE = YES_ERROR;
				GCC_WARN_UNDECLARED_SELECTOR = YES;
				GCC_WARN_UNINITIALIZED_AUTOS = YES_AGGRESSIVE;
				GCC_WARN_UNUSED_FUNCTION = YES;
				GCC_WARN_UNUSED_VARIABLE = YES;
				IPHONEOS_DEPLOYMENT_TARGET = 10.3;
				MTL_ENABLE_DEBUG_INFO = NO;
				SDKROOT = iphoneos;
				SWIFT_OPTIMIZATION_LEVEL = "-Owholemodule";
				TARGETED_DEVICE_FAMILY = "1,2";
				VALIDATE_PRODUCT = YES;
			};
			name = Release;
		};
		5F0447FB1F4BF5B7000925C8 /* Debug */ = {
			isa = XCBuildConfiguration;
			buildSettings = {
				ASSETCATALOG_COMPILER_APPICON_NAME = AppIcon;
				DEVELOPMENT_TEAM = 7E72X3N4DZ;
				INFOPLIST_FILE = "Foodie Me/Info.plist";
				LD_RUNPATH_SEARCH_PATHS = "$(inherited) @executable_path/Frameworks";
				PRODUCT_BUNDLE_IDENTIFIER = "com.example.Foodie-Me";
				PRODUCT_NAME = "$(TARGET_NAME)";
				SWIFT_VERSION = 3.0;
			};
			name = Debug;
		};
		5F0447FC1F4BF5B7000925C8 /* Release */ = {
			isa = XCBuildConfiguration;
			buildSettings = {
				ASSETCATALOG_COMPILER_APPICON_NAME = AppIcon;
				DEVELOPMENT_TEAM = 7E72X3N4DZ;
				INFOPLIST_FILE = "Foodie Me/Info.plist";
				LD_RUNPATH_SEARCH_PATHS = "$(inherited) @executable_path/Frameworks";
				PRODUCT_BUNDLE_IDENTIFIER = "com.example.Foodie-Me";
				PRODUCT_NAME = "$(TARGET_NAME)";
				SWIFT_VERSION = 3.0;
			};
			name = Release;
		};
		5F0447FE1F4BF5B7000925C8 /* Debug */ = {
			isa = XCBuildConfiguration;
			buildSettings = {
				ALWAYS_EMBED_SWIFT_STANDARD_LIBRARIES = YES;
				BUNDLE_LOADER = "$(TEST_HOST)";
				DEVELOPMENT_TEAM = 7E72X3N4DZ;
				INFOPLIST_FILE = "Foodie MeTests/Info.plist";
				LD_RUNPATH_SEARCH_PATHS = "$(inherited) @executable_path/Frameworks @loader_path/Frameworks";
				PRODUCT_BUNDLE_IDENTIFIER = "com.example.Foodie-MeTests";
				PRODUCT_NAME = "$(TARGET_NAME)";
				SWIFT_VERSION = 3.0;
				TEST_HOST = "$(BUILT_PRODUCTS_DIR)/Foodie Me.app/Foodie Me";
			};
			name = Debug;
		};
		5F0447FF1F4BF5B7000925C8 /* Release */ = {
			isa = XCBuildConfiguration;
			buildSettings = {
				ALWAYS_EMBED_SWIFT_STANDARD_LIBRARIES = YES;
				BUNDLE_LOADER = "$(TEST_HOST)";
				DEVELOPMENT_TEAM = 7E72X3N4DZ;
				INFOPLIST_FILE = "Foodie MeTests/Info.plist";
				LD_RUNPATH_SEARCH_PATHS = "$(inherited) @executable_path/Frameworks @loader_path/Frameworks";
				PRODUCT_BUNDLE_IDENTIFIER = "com.example.Foodie-MeTests";
				PRODUCT_NAME = "$(TARGET_NAME)";
				SWIFT_VERSION = 3.0;
				TEST_HOST = "$(BUILT_PRODUCTS_DIR)/Foodie Me.app/Foodie Me";
			};
			name = Release;
		};
/* End XCBuildConfiguration section */

/* Begin XCConfigurationList section */
		5F0447D81F4BF5B7000925C8 /* Build configuration list for PBXProject "Foodie Me" */ = {
			isa = XCConfigurationList;
			buildConfigurations = (
				5F0447F81F4BF5B7000925C8 /* Debug */,
				5F0447F91F4BF5B7000925C8 /* Release */,
			);
			defaultConfigurationIsVisible = 0;
			defaultConfigurationName = Release;
		};
		5F0447FA1F4BF5B7000925C8 /* Build configuration list for PBXNativeTarget "Foodie Me" */ = {
			isa = XCConfigurationList;
			buildConfigurations = (
				5F0447FB1F4BF5B7000925C8 /* Debug */,
				5F0447FC1F4BF5B7000925C8 /* Release */,
			);
			defaultConfigurationIsVisible = 0;
		};
		5F0447FD1F4BF5B7000925C8 /* Build configuration list for PBXNativeTarget "Foodie MeTests" */ = {
			isa = XCConfigurationList;
			buildConfigurations = (
				5F0447FE1F4BF5B7000925C8 /* Debug */,
				5F0447FF1F4BF5B7000925C8 /* Release */,
			);
			defaultConfigurationIsVisible = 0;
		};
/* End XCConfigurationList section */
	};
	rootObject = 5F0447D51F4BF5B7000925C8 /* Project object */;
}
